lockfileVersion: '9.0'

settings:
  autoInstallPeers: true
  excludeLinksFromLockfile: false

importers:

  .:
    dependencies:
      proj4:
        specifier: ^2.19.10
        version: 2.20.4

packages:

  mgrs@1.0.0:
    resolution: {integrity: sha512-awNbTOqCxK1DBGjalK3xqWIstBZgN6fxsMSiXLs9/spqWkF2pAhb2rrYCFSsr1/tT7PhcDGjZndG8SWYn0byYA==}

  proj4@2.20.4:
    resolution: {integrity: sha512-/EEBoXjBw+zW1Lofinw0YFQ4OFOqC6XThnwRAgjEHw8WBN+wSy/6aeqRRdjy4b2igy3X0k3RNDuwcYqcQq7nDw==}

  wkt-parser@1.5.4:
    resolution: {integrity: sha512-heRp3QBynj8SAGepAkE8h2k4KhUGRqzgwlSRgqNhxjmSIeSvE5ZrV8n1uy5jk+iJO2jmfffIwjdAaTirBOOx0A==}

snapshots:

  mgrs@1.0.0: {}

  proj4@2.20.4:
    dependencies:
      mgrs: 1.0.0
      wkt-parser: 1.5.4

  wkt-parser@1.5.4: {}
